# THIS IS AN AUTOGENERATED FILE. DO NOT EDIT THIS FILE DIRECTLY.
# yarn lockfile v1


cac@^6.7.12:
  version "6.7.12"
  resolved "https://registry.yarnpkg.com/cac/-/cac-6.7.12.tgz#6fb5ea2ff50bd01490dbda497f4ae75a99415193"
  integrity sha512-rM7E2ygtMkJqD9c7WnFU6fruFcN3xe4FM5yUmgxhZzIKJk4uHl9U/fhwdajGFQbQuv43FAUo1Fe8gX/oIKDeSA==

chalk@^5.0.0:
  version "5.0.0"
  resolved "https://registry.yarnpkg.com/chalk/-/chalk-5.0.0.tgz#bd96c6bb8e02b96e08c0c3ee2a9d90e050c7b832"
  integrity sha512-/duVOqst+luxCQRKEo4bNxinsOQtMP80ZYm7mMqzuh5PociNL0PvmHFvREJ9ueYL2TxlHjBcmLCdmocx9Vg+IQ==

hyperdocs-cli@^0.0.5:
  version "0.0.5"
  resolved "https://registry.yarnpkg.com/hyperdocs-cli/-/hyperdocs-cli-0.0.5.tgz#c7eee0472ade02c3e798398b11f71bb3b4355876"
  integrity sha512-Hvg6LIabdlpJvMkavZ1EoxGfBdELAATYDm1NX+ypZwFujEbZP8IgvL/yxItnnKUMH+2FfAvHqARWVd/pMH2YwA==
  dependencies:
    cac "^6.7.12"
    chalk "^5.0.0"
